
Microsoft Visual Studio Solution File, Format Version 12.00
# Visual Studio 15
VisualStudioVersion = 15.0.27428.2015
MinimumVisualStudioVersion = 10.0.40219.1
Project("{FAE04EC0-301F-11D3-BF4B-00C04F79EFBC}") = "BattleShipExercise", "BattleShipExercise\BattleShipExercise.csproj", "{3CD5788D-FCC1-47BD-BDB0-E29E3F75C1AB}"
EndProject
Global
	GlobalSection(SolutionConfigurationPlatforms) = preSolution
		Debug|Any CPU = Debug|Any CPU
		Release|Any CPU = Release|Any CPU
	EndGlobalSection
	GlobalSection(ProjectConfigurationPlatforms) = postSolution
		{3CD5788D-FCC1-47BD-BDB0-E29E3F75C1AB}.Debug|Any CPU.ActiveCfg = Debug|Any CPU
		{3CD5788D-FCC1-47BD-BDB0-E29E3F75C1AB}.Debug|Any CPU.Build.0 = Debug|Any CPU
		{3CD5788D-FCC1-47BD-BDB0-E29E3F75C1AB}.Release|Any CPU.ActiveCfg = Release|Any CPU
		{3CD5788D-FCC1-47BD-BDB0-E29E3F75C1AB}.Release|Any CPU.Build.0 = Release|Any CPU
	EndGlobalSection
	GlobalSection(SolutionProperties) = preSolution
		HideSolutionNode = FALSE
	EndGlobalSection
	GlobalSection(ExtensibilityGlobals) = postSolution
		SolutionGuid = {0CB989F2-C7C5-4582-823E-446B94534384}
	EndGlobalSection
EndGlobal
