
Microsoft Visual Studio Solution File, Format Version 12.00
# Visual Studio 15
VisualStudioVersion = 15.0.27428.2015
MinimumVisualStudioVersion = 10.0.40219.1
Project("{FAE04EC0-301F-11D3-BF4B-00C04F79EFBC}") = "MusicLibrary", "MusicLibrary\MusicLibrary.csproj", "{FFD389BF-2504-4BE0-A534-B1236D85DFCE}"
EndProject
Global
	GlobalSection(SolutionConfigurationPlatforms) = preSolution
		Debug|Any CPU = Debug|Any CPU
		Release|Any CPU = Release|Any CPU
	EndGlobalSection
	GlobalSection(ProjectConfigurationPlatforms) = postSolution
		{FFD389BF-2504-4BE0-A534-B1236D85DFCE}.Debug|Any CPU.ActiveCfg = Debug|Any CPU
		{FFD389BF-2504-4BE0-A534-B1236D85DFCE}.Debug|Any CPU.Build.0 = Debug|Any CPU
		{FFD389BF-2504-4BE0-A534-B1236D85DFCE}.Release|Any CPU.ActiveCfg = Release|Any CPU
		{FFD389BF-2504-4BE0-A534-B1236D85DFCE}.Release|Any CPU.Build.0 = Release|Any CPU
	EndGlobalSection
	GlobalSection(SolutionProperties) = preSolution
		HideSolutionNode = FALSE
	EndGlobalSection
	GlobalSection(ExtensibilityGlobals) = postSolution
		SolutionGuid = {03A8F29F-2EF0-4479-995F-88E978E31CBB}
	EndGlobalSection
EndGlobal
