
Microsoft Visual Studio Solution File, Format Version 12.00
# Visual Studio 15
VisualStudioVersion = 15.0.27428.2002
MinimumVisualStudioVersion = 10.0.40219.1
Project("{FAE04EC0-301F-11D3-BF4B-00C04F79EFBC}") = "SoccerFieldPaintCalculation", "SoccerFieldPaintCalculation\SoccerFieldPaintCalculation.csproj", "{EF52B905-1640-4C8B-9DF0-425E5B02E003}"
EndProject
Global
	GlobalSection(SolutionConfigurationPlatforms) = preSolution
		Debug|Any CPU = Debug|Any CPU
		Release|Any CPU = Release|Any CPU
	EndGlobalSection
	GlobalSection(ProjectConfigurationPlatforms) = postSolution
		{EF52B905-1640-4C8B-9DF0-425E5B02E003}.Debug|Any CPU.ActiveCfg = Debug|Any CPU
		{EF52B905-1640-4C8B-9DF0-425E5B02E003}.Debug|Any CPU.Build.0 = Debug|Any CPU
		{EF52B905-1640-4C8B-9DF0-425E5B02E003}.Release|Any CPU.ActiveCfg = Release|Any CPU
		{EF52B905-1640-4C8B-9DF0-425E5B02E003}.Release|Any CPU.Build.0 = Release|Any CPU
	EndGlobalSection
	GlobalSection(SolutionProperties) = preSolution
		HideSolutionNode = FALSE
	EndGlobalSection
	GlobalSection(ExtensibilityGlobals) = postSolution
		SolutionGuid = {61BFEC88-0986-4683-8565-20B3C3199B90}
	EndGlobalSection
EndGlobal
