
Microsoft Visual Studio Solution File, Format Version 12.00
# Visual Studio 15
VisualStudioVersion = 15.0.27428.2015
MinimumVisualStudioVersion = 10.0.40219.1
Project("{FAE04EC0-301F-11D3-BF4B-00C04F79EFBC}") = "CountCharactersInAString", "CountCharactersInAString\CountCharactersInAString.csproj", "{C83798AA-0264-46C8-99F2-0BD66A8732BE}"
EndProject
Global
	GlobalSection(SolutionConfigurationPlatforms) = preSolution
		Debug|Any CPU = Debug|Any CPU
		Release|Any CPU = Release|Any CPU
	EndGlobalSection
	GlobalSection(ProjectConfigurationPlatforms) = postSolution
		{C83798AA-0264-46C8-99F2-0BD66A8732BE}.Debug|Any CPU.ActiveCfg = Debug|Any CPU
		{C83798AA-0264-46C8-99F2-0BD66A8732BE}.Debug|Any CPU.Build.0 = Debug|Any CPU
		{C83798AA-0264-46C8-99F2-0BD66A8732BE}.Release|Any CPU.ActiveCfg = Release|Any CPU
		{C83798AA-0264-46C8-99F2-0BD66A8732BE}.Release|Any CPU.Build.0 = Release|Any CPU
	EndGlobalSection
	GlobalSection(SolutionProperties) = preSolution
		HideSolutionNode = FALSE
	EndGlobalSection
	GlobalSection(ExtensibilityGlobals) = postSolution
		SolutionGuid = {A9E3B167-ED84-481F-8FF5-0682FEEE922C}
	EndGlobalSection
EndGlobal
