
Microsoft Visual Studio Solution File, Format Version 12.00
# Visual Studio 15
VisualStudioVersion = 15.0.27428.2011
MinimumVisualStudioVersion = 10.0.40219.1
Project("{FAE04EC0-301F-11D3-BF4B-00C04F79EFBC}") = "NamesArrays", "NamesArrays\NamesArrays.csproj", "{C774170C-0611-41A8-9562-9311F37A3AEB}"
EndProject
Global
	GlobalSection(SolutionConfigurationPlatforms) = preSolution
		Debug|Any CPU = Debug|Any CPU
		Release|Any CPU = Release|Any CPU
	EndGlobalSection
	GlobalSection(ProjectConfigurationPlatforms) = postSolution
		{C774170C-0611-41A8-9562-9311F37A3AEB}.Debug|Any CPU.ActiveCfg = Debug|Any CPU
		{C774170C-0611-41A8-9562-9311F37A3AEB}.Debug|Any CPU.Build.0 = Debug|Any CPU
		{C774170C-0611-41A8-9562-9311F37A3AEB}.Release|Any CPU.ActiveCfg = Release|Any CPU
		{C774170C-0611-41A8-9562-9311F37A3AEB}.Release|Any CPU.Build.0 = Release|Any CPU
	EndGlobalSection
	GlobalSection(SolutionProperties) = preSolution
		HideSolutionNode = FALSE
	EndGlobalSection
	GlobalSection(ExtensibilityGlobals) = postSolution
		SolutionGuid = {0803642C-82D2-4D57-9ABD-4B4B74527B57}
	EndGlobalSection
EndGlobal
