
Microsoft Visual Studio Solution File, Format Version 12.00
# Visual Studio 15
VisualStudioVersion = 15.0.27428.2015
MinimumVisualStudioVersion = 10.0.40219.1
Project("{FAE04EC0-301F-11D3-BF4B-00C04F79EFBC}") = "3FunctionsMath", "3FunctionsMath\3FunctionsMath.csproj", "{A61C739D-DA33-45D3-A9F2-785F81A1685F}"
EndProject
Global
	GlobalSection(SolutionConfigurationPlatforms) = preSolution
		Debug|Any CPU = Debug|Any CPU
		Release|Any CPU = Release|Any CPU
	EndGlobalSection
	GlobalSection(ProjectConfigurationPlatforms) = postSolution
		{A61C739D-DA33-45D3-A9F2-785F81A1685F}.Debug|Any CPU.ActiveCfg = Debug|Any CPU
		{A61C739D-DA33-45D3-A9F2-785F81A1685F}.Debug|Any CPU.Build.0 = Debug|Any CPU
		{A61C739D-DA33-45D3-A9F2-785F81A1685F}.Release|Any CPU.ActiveCfg = Release|Any CPU
		{A61C739D-DA33-45D3-A9F2-785F81A1685F}.Release|Any CPU.Build.0 = Release|Any CPU
	EndGlobalSection
	GlobalSection(SolutionProperties) = preSolution
		HideSolutionNode = FALSE
	EndGlobalSection
	GlobalSection(ExtensibilityGlobals) = postSolution
		SolutionGuid = {69B019DB-83A7-47EE-9D31-16360ACB000D}
	EndGlobalSection
EndGlobal
